Microsoft Visual Studio Solution File, Format Version 12.00
# Visual Studio 15
VisualStudioVersion = 15.0.26430.6
MinimumVisualStudioVersion = 10.0.40219.1
Project("{FAE04EC0-301F-11D3-BF4B-00C04F79EFBC}") = "teste.BLL", "teste.BLL\teste.BLL.csproj", "{653C32AC-8D82-4B2C-88D6-5D7E3A555836}"
EndProject
Project("{FAE04EC0-301F-11D3-BF4B-00C04F79EFBC}") = "teste.DAL", "teste.DAL\teste.DAL.csproj", "{9F0DA1E0-5408-4BC1-AEEC-C0E53D0B5661}"
EndProject
Project("{FAE04EC0-301F-11D3-BF4B-00C04F79EFBC}") = "teste.DTO", "teste.DTO\teste.DTO.csproj", "{01623E6D-4C9F-402A-82F8-5289918243BF}"
EndProject
Global
	GlobalSection(SolutionConfigurationPlatforms) = preSolution
		Debug|Any CPU = Debug|Any CPU
		Release|Any CPU = Release|Any CPU
	EndGlobalSection
	GlobalSection(ProjectConfigurationPlatforms) = postSolution
		{653C32AC-8D82-4B2C-88D6-5D7E3A555836}.Debug|Any CPU.ActiveCfg = Debug|Any CPU
		{653C32AC-8D82-4B2C-88D6-5D7E3A555836}.Debug|Any CPU.Build.0 = Debug|Any CPU
		{653C32AC-8D82-4B2C-88D6-5D7E3A555836}.Release|Any CPU.ActiveCfg = Release|Any CPU
		{653C32AC-8D82-4B2C-88D6-5D7E3A555836}.Release|Any CPU.Build.0 = Release|Any CPU
		{9F0DA1E0-5408-4BC1-AEEC-C0E53D0B5661}.Debug|Any CPU.ActiveCfg = Debug|Any CPU
		{9F0DA1E0-5408-4BC1-AEEC-C0E53D0B5661}.Debug|Any CPU.Build.0 = Debug|Any CPU
		{9F0DA1E0-5408-4BC1-AEEC-C0E53D0B5661}.Release|Any CPU.ActiveCfg = Release|Any CPU
		{9F0DA1E0-5408-4BC1-AEEC-C0E53D0B5661}.Release|Any CPU.Build.0 = Release|Any CPU
		{01623E6D-4C9F-402A-82F8-5289918243BF}.Debug|Any CPU.ActiveCfg = Debug|Any CPU
		{01623E6D-4C9F-402A-82F8-5289918243BF}.Debug|Any CPU.Build.0 = Debug|Any CPU
		{01623E6D-4C9F-402A-82F8-5289918243BF}.Release|Any CPU.ActiveCfg = Release|Any CPU
		{01623E6D-4C9F-402A-82F8-5289918243BF}.Release|Any CPU.Build.0 = Release|Any CPU
	EndGlobalSection
	GlobalSection(SolutionProperties) = preSolution
		HideSolutionNode = FALSE
	EndGlobalSection
	GlobalSection(ExtensibilityGlobals) = postSolution
		VisualSVNWorkingCopyRoot = .
	EndGlobalSection
EndGlobal
